
Microsoft Visual Studio Solution File, Format Version 12.00
# Visual Studio 15
VisualStudioVersion = 15.0.28307.572
MinimumVisualStudioVersion = 10.0.40219.1
Project("{FAE04EC0-301F-11D3-BF4B-00C04F79EFBC}") = "DeploymentSample", "DeploymentSample\DeploymentSample.csproj", "{DC9CACD1-1FBE-42E1-8217-6DD2A226ADEB}"
EndProject
Global
	GlobalSection(SolutionConfigurationPlatforms) = preSolution
		Debug|Any CPU = Debug|Any CPU
		Release|Any CPU = Release|Any CPU
	EndGlobalSection
	GlobalSection(ProjectConfigurationPlatforms) = postSolution
		{DC9CACD1-1FBE-42E1-8217-6DD2A226ADEB}.Debug|Any CPU.ActiveCfg = Debug|Any CPU
		{DC9CACD1-1FBE-42E1-8217-6DD2A226ADEB}.Debug|Any CPU.Build.0 = Debug|Any CPU
		{DC9CACD1-1FBE-42E1-8217-6DD2A226ADEB}.Release|Any CPU.ActiveCfg = Release|Any CPU
		{DC9CACD1-1FBE-42E1-8217-6DD2A226ADEB}.Release|Any CPU.Build.0 = Release|Any CPU
	EndGlobalSection
	GlobalSection(SolutionProperties) = preSolution
		HideSolutionNode = FALSE
	EndGlobalSection
	GlobalSection(ExtensibilityGlobals) = postSolution
		SolutionGuid = {4686B07B-1517-48D7-A4EA-A0C8EF43F494}
	EndGlobalSection
EndGlobal
